
Microsoft Visual Studio Solution File, Format Version 12.00
# Visual Studio Version 16
VisualStudioVersion = 16.0.31424.327
MinimumVisualStudioVersion = 10.0.40219.1
Project("{FAE04EC0-301F-11D3-BF4B-00C04F79EFBC}") = "EP.SOLID", "EP.SOLID\EP.SOLID.csproj", "{66591FF9-3126-443D-BDDD-089C17E3D063}"
EndProject
Project("{2150E333-8FDC-42A3-9474-1A3956D46DE8}") = "Solution Items", "Solution Items", "{86134864-97FA-4EF2-ADA1-90F9288F1A96}"
	ProjectSection(SolutionItems) = preProject
		README.md = README.md
	EndProjectSection
EndProject
Global
	GlobalSection(SolutionConfigurationPlatforms) = preSolution
		Debug|Any CPU = Debug|Any CPU
		Release|Any CPU = Release|Any CPU
	EndGlobalSection
	GlobalSection(ProjectConfigurationPlatforms) = postSolution
		{66591FF9-3126-443D-BDDD-089C17E3D063}.Debug|Any CPU.ActiveCfg = Debug|Any CPU
		{66591FF9-3126-443D-BDDD-089C17E3D063}.Debug|Any CPU.Build.0 = Debug|Any CPU
		{66591FF9-3126-443D-BDDD-089C17E3D063}.Release|Any CPU.ActiveCfg = Release|Any CPU
		{66591FF9-3126-443D-BDDD-089C17E3D063}.Release|Any CPU.Build.0 = Release|Any CPU
	EndGlobalSection
	GlobalSection(SolutionProperties) = preSolution
		HideSolutionNode = FALSE
	EndGlobalSection
	GlobalSection(ExtensibilityGlobals) = postSolution
		SolutionGuid = {4D77E524-336B-4A24-885B-6D026C5FA001}
	EndGlobalSection
EndGlobal
